
Microsoft Visual Studio Solution File, Format Version 12.00
# Visual Studio Version 17
VisualStudioVersion = 17.5.002.0
MinimumVisualStudioVersion = 10.0.40219.1
Project("{9A19103F-16F7-4668-BE54-9A1E7A4F7556}") = "MauiAppNet6", "MauiAppNet6.csproj", "{C10ACEC3-1BC6-4D7F-A356-81DE7F461F31}"
EndProject
Global
	GlobalSection(SolutionConfigurationPlatforms) = preSolution
		Debug|Any CPU = Debug|Any CPU
		Release|Any CPU = Release|Any CPU
	EndGlobalSection
	GlobalSection(ProjectConfigurationPlatforms) = postSolution
		{C10ACEC3-1BC6-4D7F-A356-81DE7F461F31}.Debug|Any CPU.ActiveCfg = Debug|Any CPU
		{C10ACEC3-1BC6-4D7F-A356-81DE7F461F31}.Debug|Any CPU.Build.0 = Debug|Any CPU
		{C10ACEC3-1BC6-4D7F-A356-81DE7F461F31}.Release|Any CPU.ActiveCfg = Release|Any CPU
		{C10ACEC3-1BC6-4D7F-A356-81DE7F461F31}.Release|Any CPU.Build.0 = Release|Any CPU
	EndGlobalSection
	GlobalSection(SolutionProperties) = preSolution
		HideSolutionNode = FALSE
	EndGlobalSection
	GlobalSection(ExtensibilityGlobals) = postSolution
		SolutionGuid = {5710B879-87FF-40C9-B9CE-4BD7497BF959}
	EndGlobalSection
EndGlobal
